
Microsoft Visual Studio Solution File, Format Version 9.00
# Visual Studio 2005
Project("{FAE04EC0-301F-11D3-BF4B-00C04F79EFBC}") = "Datasets.WM5", "Datasets.WM5\Datasets.WM5.csproj", "{55ECDDCB-C846-4B6C-B2F4-3D1771768FBA}"
EndProject
Project("{FAE04EC0-301F-11D3-BF4B-00C04F79EFBC}") = "Types.WM5", "Types.WM5\Types.WM5.csproj", "{0E28F032-FCD1-4D55-8ABC-935CA3C01324}"
EndProject
Project("{FAE04EC0-301F-11D3-BF4B-00C04F79EFBC}") = "Dal.Sqlite.WM5", "Dal.Sqlite.WM5\Dal.Sqlite.WM5.csproj", "{4E66D808-5F02-4544-BA39-D0C4A9B345A3}"
EndProject
Project("{FAE04EC0-301F-11D3-BF4B-00C04F79EFBC}") = "Bll.WM5", "Bll.WM5\Bll.WM5.csproj", "{D0985321-F040-4359-9DE9-1476F3900300}"
EndProject
Project("{FAE04EC0-301F-11D3-BF4B-00C04F79EFBC}") = "Controls.WM5", "Controls.WM5\Controls.WM5.csproj", "{E31B6FF9-71AF-4CEF-B404-5D4BB125A7AF}"
	ProjectSection(ProjectDependencies) = postProject
		{0E28F032-FCD1-4D55-8ABC-935CA3C01324} = {0E28F032-FCD1-4D55-8ABC-935CA3C01324}
	EndProjectSection
EndProject  
Project("{FAE04EC0-301F-11D3-BF4B-00C04F79EFBC}") = "CarApplicationResources.WM5", "CarApplicationResources.WM5\CarApplicationResources.WM5.csproj", "{4A66AA99-57D6-455D-ACC3-8A6D8FA24632}"
EndProject
Project("{FAE04EC0-301F-11D3-BF4B-00C04F79EFBC}") = "MockSerialGpsAdapter.WM5", "MockSerialGpsAdapter.WM5\MockSerialGpsAdapter.WM5.csproj", "{DF78005C-A41E-4C86-8D9A-055C1E36E1B2}"
EndProject
Project("{FAE04EC0-301F-11D3-BF4B-00C04F79EFBC}") = "GpsRawDataTranslator.WM5", "GpsRawDataTranslator.WM5\GpsRawDataTranslator.WM5.csproj", "{3798F96E-5383-4720-B069-83CB5DD08126}"
EndProject
Project("{FAE04EC0-301F-11D3-BF4B-00C04F79EFBC}") = "GpsRawDataRecorder.WM5", "GpsRawDataRecorder.WM5\GpsRawDataRecorder.WM5.csproj", "{FCE15846-7EE4-4BD0-B12D-3D9DDC88A95C}"
EndProject
Project("{FAE04EC0-301F-11D3-BF4B-00C04F79EFBC}") = "RegionTrigger.WM5", "RegionTrigger.WM5\RegionTrigger.WM5.csproj", "{10FFCFA5-5DA7-442A-8EE0-D5BDF4D3419E}"
EndProject
Project("{FAE04EC0-301F-11D3-BF4B-00C04F79EFBC}") = "MockMediaPlayer.WM5", "MockMediaPlayer.WM5\MockMediaPlayer.WM5.csproj", "{938AB02E-AA9C-4CD4-BD60-1A07650A7D0E}"
EndProject
Project("{FAE04EC0-301F-11D3-BF4B-00C04F79EFBC}") = "MasterAreaTrigger.WM5", "MasterAreaTrigger.WM5\MasterAreaTrigger.WM5.csproj", "{1685DB37-4292-4355-895E-DD50149EF47D}"
EndProject
Project("{FAE04EC0-301F-11D3-BF4B-00C04F79EFBC}") = "ContentManager.WM5", "ContentManager.WM5\ContentManager.WM5.csproj", "{E14820AD-91D2-49DE-840C-4599D6B948F7}"
EndProject
Project("{FAE04EC0-301F-11D3-BF4B-00C04F79EFBC}") = "CarApplication.WM5", "CarApplication.WM5\CarApplication.WM5.csproj", "{4C2E5FA4-B2C5-40DB-8F56-26A9428D4B0C}"
	ProjectSection(ProjectDependencies) = postProject
		{449AE5E0-50AF-475B-8A86-1DA900267F82} = {449AE5E0-50AF-475B-8A86-1DA900267F82}
		{E14820AD-91D2-49DE-840C-4599D6B948F7} = {E14820AD-91D2-49DE-840C-4599D6B948F7}
		{10FFCFA5-5DA7-442A-8EE0-D5BDF4D3419E} = {10FFCFA5-5DA7-442A-8EE0-D5BDF4D3419E}
		{8C1AED73-7744-478C-BD97-5F010724A4FA} = {8C1AED73-7744-478C-BD97-5F010724A4FA}
		{3798F96E-5383-4720-B069-83CB5DD08126} = {3798F96E-5383-4720-B069-83CB5DD08126}
		{DF78005C-A41E-4C86-8D9A-055C1E36E1B2} = {DF78005C-A41E-4C86-8D9A-055C1E36E1B2}
		{FCE15846-7EE4-4BD0-B12D-3D9DDC88A95C} = {FCE15846-7EE4-4BD0-B12D-3D9DDC88A95C}
		{1685DB37-4292-4355-895E-DD50149EF47D} = {1685DB37-4292-4355-895E-DD50149EF47D}
		{938AB02E-AA9C-4CD4-BD60-1A07650A7D0E} = {938AB02E-AA9C-4CD4-BD60-1A07650A7D0E}
		{4E66D808-5F02-4544-BA39-D0C4A9B345A3} = {4E66D808-5F02-4544-BA39-D0C4A9B345A3}
	EndProjectSection
EndProject
Project("{FAE04EC0-301F-11D3-BF4B-00C04F79EFBC}") = "OperatingSystemServices.WM5", "OperatingSystemPlatformServices.WM5\OperatingSystemServices.WM5.csproj", "{8C1AED73-7744-478C-BD97-5F010724A4FA}"
EndProject
Project("{FAE04EC0-301F-11D3-BF4B-00C04F79EFBC}") = "DestinationManager.WM5", "DestinationManager.WM5\DestinationManager.WM5.csproj", "{449AE5E0-50AF-475B-8A86-1DA900267F82}"
EndProject
Project("{FAE04EC0-301F-11D3-BF4B-00C04F79EFBC}") = "GeoBaseNavigator.WM5", "GeoBaseNavigator.WM5\GeoBaseNavigator.WM5.csproj", "{746957BE-0F45-4B49-84A9-5F303E194C94}"
EndProject
Project("{FAE04EC0-301F-11D3-BF4B-00C04F79EFBC}") = "FileLogger.WM5", "FileLogger.WM5\FileLogger.WM5.csproj", "{2ED7065F-AFF4-4DA1-A2F4-FBA3F590A8A8}"
EndProject
Project("{FAE04EC0-301F-11D3-BF4B-00C04F79EFBC}") = "MemoryLogger.WM5", "MemoryLogger.WM5\MemoryLogger.WM5.csproj", "{7AC0FC5E-B147-4431-849E-9FED1A3E5FCE}"
EndProject
Project("{FAE04EC0-301F-11D3-BF4B-00C04F79EFBC}") = "SirfGps.WM5", "SirfGps.WM5\SirfGps.WM5.csproj", "{42DEF294-AF33-43F1-8BD2-EEB5BFE02C46}"
EndProject
Project("{FAE04EC0-301F-11D3-BF4B-00C04F79EFBC}") = "TopBandDeviceServices", "TopBandDeviceServices\TopBandDeviceServices.csproj", "{49D770F5-F41D-4724-9938-41F0BF82F7C0}"
EndProject
Project("{FAE04EC0-301F-11D3-BF4B-00C04F79EFBC}") = "TopBandMediaPlayer.WM5", "TopBandMediaPlayer.WM5\TopBandMediaPlayer.WM5.csproj", "{B9CEA13F-FD0E-4FDE-A2EC-66FE21B64F66}"
EndProject
Project("{FAE04EC0-301F-11D3-BF4B-00C04F79EFBC}") = "Search.WM5", "Search.WM5\Search.WM5.csproj", "{8A3D8F01-6F22-4D79-A6CB-5ADE0C8C03EF}"
EndProject
Project("{FAE04EC0-301F-11D3-BF4B-00C04F79EFBC}") = "NullLogger.WM5", "NullLogger.WM5\NullLogger.WM5.csproj", "{2E8D0288-5601-48CC-BEFD-964BC99B7CFF}"
EndProject
Global
	GlobalSection(SolutionConfigurationPlatforms) = preSolution
		Debug|Any CPU = Debug|Any CPU
		Release|Any CPU = Release|Any CPU
	EndGlobalSection
	GlobalSection(ProjectConfigurationPlatforms) = postSolution
		{55ECDDCB-C846-4B6C-B2F4-3D1771768FBA}.Debug|Any CPU.ActiveCfg = Debug|Any CPU
		{55ECDDCB-C846-4B6C-B2F4-3D1771768FBA}.Debug|Any CPU.Build.0 = Debug|Any CPU
		{55ECDDCB-C846-4B6C-B2F4-3D1771768FBA}.Release|Any CPU.ActiveCfg = Release|Any CPU
		{55ECDDCB-C846-4B6C-B2F4-3D1771768FBA}.Release|Any CPU.Build.0 = Release|Any CPU
		{0E28F032-FCD1-4D55-8ABC-935CA3C01324}.Debug|Any CPU.ActiveCfg = Debug|Any CPU
		{0E28F032-FCD1-4D55-8ABC-935CA3C01324}.Debug|Any CPU.Build.0 = Debug|Any CPU
		{0E28F032-FCD1-4D55-8ABC-935CA3C01324}.Release|Any CPU.ActiveCfg = Release|Any CPU
		{0E28F032-FCD1-4D55-8ABC-935CA3C01324}.Release|Any CPU.Build.0 = Release|Any CPU
		{4E66D808-5F02-4544-BA39-D0C4A9B345A3}.Debug|Any CPU.ActiveCfg = Debug|Any CPU
		{4E66D808-5F02-4544-BA39-D0C4A9B345A3}.Debug|Any CPU.Build.0 = Debug|Any CPU
		{4E66D808-5F02-4544-BA39-D0C4A9B345A3}.Release|Any CPU.ActiveCfg = Release|Any CPU
		{4E66D808-5F02-4544-BA39-D0C4A9B345A3}.Release|Any CPU.Build.0 = Release|Any CPU
		{D0985321-F040-4359-9DE9-1476F3900300}.Debug|Any CPU.ActiveCfg = Debug|Any CPU
		{D0985321-F040-4359-9DE9-1476F3900300}.Debug|Any CPU.Build.0 = Debug|Any CPU
		{D0985321-F040-4359-9DE9-1476F3900300}.Release|Any CPU.ActiveCfg = Release|Any CPU
		{D0985321-F040-4359-9DE9-1476F3900300}.Release|Any CPU.Build.0 = Release|Any CPU
		{E31B6FF9-71AF-4CEF-B404-5D4BB125A7AF}.Debug|Any CPU.ActiveCfg = Debug|Any CPU
		{E31B6FF9-71AF-4CEF-B404-5D4BB125A7AF}.Debug|Any CPU.Build.0 = Debug|Any CPU
		{E31B6FF9-71AF-4CEF-B404-5D4BB125A7AF}.Release|Any CPU.ActiveCfg = Release|Any CPU
		{E31B6FF9-71AF-4CEF-B404-5D4BB125A7AF}.Release|Any CPU.Build.0 = Release|Any CPU
		{4A66AA99-57D6-455D-ACC3-8A6D8FA24632}.Debug|Any CPU.ActiveCfg = Debug|Any CPU
		{4A66AA99-57D6-455D-ACC3-8A6D8FA24632}.Debug|Any CPU.Build.0 = Debug|Any CPU
		{4A66AA99-57D6-455D-ACC3-8A6D8FA24632}.Release|Any CPU.ActiveCfg = Release|Any CPU
		{4A66AA99-57D6-455D-ACC3-8A6D8FA24632}.Release|Any CPU.Build.0 = Release|Any CPU
		{4A66AA99-57D6-455D-ACC3-8A6D8FA24632}.Release|Any CPU.Deploy.0 = Release|Any CPU
		{DF78005C-A41E-4C86-8D9A-055C1E36E1B2}.Debug|Any CPU.ActiveCfg = Debug|Any CPU
		{DF78005C-A41E-4C86-8D9A-055C1E36E1B2}.Debug|Any CPU.Build.0 = Debug|Any CPU
		{DF78005C-A41E-4C86-8D9A-055C1E36E1B2}.Release|Any CPU.ActiveCfg = Release|Any CPU
		{DF78005C-A41E-4C86-8D9A-055C1E36E1B2}.Release|Any CPU.Build.0 = Release|Any CPU
		{3798F96E-5383-4720-B069-83CB5DD08126}.Debug|Any CPU.ActiveCfg = Debug|Any CPU
		{3798F96E-5383-4720-B069-83CB5DD08126}.Debug|Any CPU.Build.0 = Debug|Any CPU
		{3798F96E-5383-4720-B069-83CB5DD08126}.Release|Any CPU.ActiveCfg = Release|Any CPU
		{3798F96E-5383-4720-B069-83CB5DD08126}.Release|Any CPU.Build.0 = Release|Any CPU
		{FCE15846-7EE4-4BD0-B12D-3D9DDC88A95C}.Debug|Any CPU.ActiveCfg = Debug|Any CPU
		{FCE15846-7EE4-4BD0-B12D-3D9DDC88A95C}.Debug|Any CPU.Build.0 = Debug|Any CPU
		{FCE15846-7EE4-4BD0-B12D-3D9DDC88A95C}.Release|Any CPU.ActiveCfg = Release|Any CPU
		{FCE15846-7EE4-4BD0-B12D-3D9DDC88A95C}.Release|Any CPU.Build.0 = Release|Any CPU
		{FCE15846-7EE4-4BD0-B12D-3D9DDC88A95C}.Release|Any CPU.Deploy.0 = Release|Any CPU
		{10FFCFA5-5DA7-442A-8EE0-D5BDF4D3419E}.Debug|Any CPU.ActiveCfg = Debug|Any CPU
		{10FFCFA5-5DA7-442A-8EE0-D5BDF4D3419E}.Debug|Any CPU.Build.0 = Debug|Any CPU
		{10FFCFA5-5DA7-442A-8EE0-D5BDF4D3419E}.Release|Any CPU.ActiveCfg = Release|Any CPU
		{10FFCFA5-5DA7-442A-8EE0-D5BDF4D3419E}.Release|Any CPU.Build.0 = Release|Any CPU
		{938AB02E-AA9C-4CD4-BD60-1A07650A7D0E}.Debug|Any CPU.ActiveCfg = Debug|Any CPU
		{938AB02E-AA9C-4CD4-BD60-1A07650A7D0E}.Debug|Any CPU.Build.0 = Debug|Any CPU
		{938AB02E-AA9C-4CD4-BD60-1A07650A7D0E}.Release|Any CPU.ActiveCfg = Release|Any CPU
		{938AB02E-AA9C-4CD4-BD60-1A07650A7D0E}.Release|Any CPU.Build.0 = Release|Any CPU
		{1685DB37-4292-4355-895E-DD50149EF47D}.Debug|Any CPU.ActiveCfg = Debug|Any CPU
		{1685DB37-4292-4355-895E-DD50149EF47D}.Debug|Any CPU.Build.0 = Debug|Any CPU
		{1685DB37-4292-4355-895E-DD50149EF47D}.Release|Any CPU.ActiveCfg = Release|Any CPU
		{1685DB37-4292-4355-895E-DD50149EF47D}.Release|Any CPU.Build.0 = Release|Any CPU
		{E14820AD-91D2-49DE-840C-4599D6B948F7}.Debug|Any CPU.ActiveCfg = Debug|Any CPU
		{E14820AD-91D2-49DE-840C-4599D6B948F7}.Debug|Any CPU.Build.0 = Debug|Any CPU
		{E14820AD-91D2-49DE-840C-4599D6B948F7}.Release|Any CPU.ActiveCfg = Release|Any CPU
		{E14820AD-91D2-49DE-840C-4599D6B948F7}.Release|Any CPU.Build.0 = Release|Any CPU
		{4C2E5FA4-B2C5-40DB-8F56-26A9428D4B0C}.Debug|Any CPU.ActiveCfg = Debug|Any CPU
		{4C2E5FA4-B2C5-40DB-8F56-26A9428D4B0C}.Debug|Any CPU.Build.0 = Debug|Any CPU
		{4C2E5FA4-B2C5-40DB-8F56-26A9428D4B0C}.Debug|Any CPU.Deploy.0 = Debug|Any CPU
		{4C2E5FA4-B2C5-40DB-8F56-26A9428D4B0C}.Release|Any CPU.ActiveCfg = Release|Any CPU
		{4C2E5FA4-B2C5-40DB-8F56-26A9428D4B0C}.Release|Any CPU.Build.0 = Release|Any CPU
		{4C2E5FA4-B2C5-40DB-8F56-26A9428D4B0C}.Release|Any CPU.Deploy.0 = Release|Any CPU
		{8C1AED73-7744-478C-BD97-5F010724A4FA}.Debug|Any CPU.ActiveCfg = Debug|Any CPU
		{8C1AED73-7744-478C-BD97-5F010724A4FA}.Debug|Any CPU.Build.0 = Debug|Any CPU
		{8C1AED73-7744-478C-BD97-5F010724A4FA}.Release|Any CPU.ActiveCfg = Release|Any CPU
		{8C1AED73-7744-478C-BD97-5F010724A4FA}.Release|Any CPU.Build.0 = Release|Any CPU
		{449AE5E0-50AF-475B-8A86-1DA900267F82}.Debug|Any CPU.ActiveCfg = Debug|Any CPU
		{449AE5E0-50AF-475B-8A86-1DA900267F82}.Debug|Any CPU.Build.0 = Debug|Any CPU
		{449AE5E0-50AF-475B-8A86-1DA900267F82}.Release|Any CPU.ActiveCfg = Release|Any CPU
		{449AE5E0-50AF-475B-8A86-1DA900267F82}.Release|Any CPU.Build.0 = Release|Any CPU
		{449AE5E0-50AF-475B-8A86-1DA900267F82}.Release|Any CPU.Deploy.0 = Release|Any CPU
		{746957BE-0F45-4B49-84A9-5F303E194C94}.Debug|Any CPU.ActiveCfg = Debug|Any CPU
		{746957BE-0F45-4B49-84A9-5F303E194C94}.Debug|Any CPU.Build.0 = Debug|Any CPU
		{746957BE-0F45-4B49-84A9-5F303E194C94}.Release|Any CPU.ActiveCfg = Release|Any CPU
		{746957BE-0F45-4B49-84A9-5F303E194C94}.Release|Any CPU.Build.0 = Release|Any CPU
		{2ED7065F-AFF4-4DA1-A2F4-FBA3F590A8A8}.Debug|Any CPU.ActiveCfg = Debug|Any CPU
		{2ED7065F-AFF4-4DA1-A2F4-FBA3F590A8A8}.Debug|Any CPU.Build.0 = Debug|Any CPU
		{2ED7065F-AFF4-4DA1-A2F4-FBA3F590A8A8}.Release|Any CPU.ActiveCfg = Release|Any CPU
		{2ED7065F-AFF4-4DA1-A2F4-FBA3F590A8A8}.Release|Any CPU.Build.0 = Release|Any CPU
		{7AC0FC5E-B147-4431-849E-9FED1A3E5FCE}.Debug|Any CPU.ActiveCfg = Debug|Any CPU
		{7AC0FC5E-B147-4431-849E-9FED1A3E5FCE}.Debug|Any CPU.Build.0 = Debug|Any CPU
		{7AC0FC5E-B147-4431-849E-9FED1A3E5FCE}.Release|Any CPU.ActiveCfg = Release|Any CPU
		{7AC0FC5E-B147-4431-849E-9FED1A3E5FCE}.Release|Any CPU.Build.0 = Release|Any CPU
		{42DEF294-AF33-43F1-8BD2-EEB5BFE02C46}.Debug|Any CPU.ActiveCfg = Debug|Any CPU
		{42DEF294-AF33-43F1-8BD2-EEB5BFE02C46}.Debug|Any CPU.Build.0 = Debug|Any CPU
		{42DEF294-AF33-43F1-8BD2-EEB5BFE02C46}.Release|Any CPU.ActiveCfg = Release|Any CPU
		{42DEF294-AF33-43F1-8BD2-EEB5BFE02C46}.Release|Any CPU.Build.0 = Release|Any CPU
		{49D770F5-F41D-4724-9938-41F0BF82F7C0}.Debug|Any CPU.ActiveCfg = Debug|Any CPU
		{49D770F5-F41D-4724-9938-41F0BF82F7C0}.Debug|Any CPU.Build.0 = Debug|Any CPU
		{49D770F5-F41D-4724-9938-41F0BF82F7C0}.Release|Any CPU.ActiveCfg = Release|Any CPU
		{49D770F5-F41D-4724-9938-41F0BF82F7C0}.Release|Any CPU.Build.0 = Release|Any CPU
		{B9CEA13F-FD0E-4FDE-A2EC-66FE21B64F66}.Debug|Any CPU.ActiveCfg = Debug|Any CPU
		{B9CEA13F-FD0E-4FDE-A2EC-66FE21B64F66}.Debug|Any CPU.Build.0 = Debug|Any CPU
		{B9CEA13F-FD0E-4FDE-A2EC-66FE21B64F66}.Release|Any CPU.ActiveCfg = Release|Any CPU
		{B9CEA13F-FD0E-4FDE-A2EC-66FE21B64F66}.Release|Any CPU.Build.0 = Release|Any CPU
		{8A3D8F01-6F22-4D79-A6CB-5ADE0C8C03EF}.Debug|Any CPU.ActiveCfg = Debug|Any CPU
		{8A3D8F01-6F22-4D79-A6CB-5ADE0C8C03EF}.Debug|Any CPU.Build.0 = Debug|Any CPU
		{8A3D8F01-6F22-4D79-A6CB-5ADE0C8C03EF}.Release|Any CPU.ActiveCfg = Release|Any CPU
		{8A3D8F01-6F22-4D79-A6CB-5ADE0C8C03EF}.Release|Any CPU.Build.0 = Release|Any CPU
		{2E8D0288-5601-48CC-BEFD-964BC99B7CFF}.Debug|Any CPU.ActiveCfg = Debug|Any CPU
		{2E8D0288-5601-48CC-BEFD-964BC99B7CFF}.Debug|Any CPU.Build.0 = Debug|Any CPU
		{2E8D0288-5601-48CC-BEFD-964BC99B7CFF}.Release|Any CPU.ActiveCfg = Release|Any CPU
		{2E8D0288-5601-48CC-BEFD-964BC99B7CFF}.Release|Any CPU.Build.0 = Release|Any CPU
	EndGlobalSection
	GlobalSection(SolutionProperties) = preSolution
		HideSolutionNode = FALSE
	EndGlobalSection
EndGlobal
